{
  "pins" : [
    {
      "identity" : "omnitalk.ios-webrtc.sdk",
      "kind" : "remoteSourceControl",
      "location" : "https://github.com/omnistory-labs/omnitalk.ios-webrtc.sdk",
      "state" : {
        "branch" : "main",
        "revision" : "ff3aa14f976433f5809372737fdd7a13c5a76ce7"
      }
    }
  ],
  "version" : 2
}
